
Microsoft Visual Studio Solution File, Format Version 12.00
# Visual Studio Version 17
VisualStudioVersion = 17.2.32616.157
MinimumVisualStudioVersion = 10.0.40219.1
Project("{2150E333-8FDC-42A3-9474-1A3956D46DE8}") = "src", "src", "{4E02CAAF-DF9D-4FD7-BFFC-651B077F5767}"
EndProject
Project("{2150E333-8FDC-42A3-9474-1A3956D46DE8}") = "tests", "tests", "{91F58361-3F93-48D3-B653-D1680C6D5A38}"
EndProject
Project("{9A19103F-16F7-4668-BE54-9A1E7A4F7556}") = "Calculator", "src\Calculator\Calculator.csproj", "{D8DD3CCA-FE6D-469C-AAB6-DB5F03B47D2B}"
EndProject
Project("{9A19103F-16F7-4668-BE54-9A1E7A4F7556}") = "Calculator.Test", "tests\CalculatorTest\Calculator.Test.csproj", "{553A5704-66C8-497A-8963-E0B20E1D764C}"
EndProject
Global
	GlobalSection(SolutionConfigurationPlatforms) = preSolution
		Debug|Any CPU = Debug|Any CPU
		Release|Any CPU = Release|Any CPU
	EndGlobalSection
	GlobalSection(ProjectConfigurationPlatforms) = postSolution
		{D8DD3CCA-FE6D-469C-AAB6-DB5F03B47D2B}.Debug|Any CPU.ActiveCfg = Debug|Any CPU
		{D8DD3CCA-FE6D-469C-AAB6-DB5F03B47D2B}.Debug|Any CPU.Build.0 = Debug|Any CPU
		{D8DD3CCA-FE6D-469C-AAB6-DB5F03B47D2B}.Release|Any CPU.ActiveCfg = Release|Any CPU
		{D8DD3CCA-FE6D-469C-AAB6-DB5F03B47D2B}.Release|Any CPU.Build.0 = Release|Any CPU
		{553A5704-66C8-497A-8963-E0B20E1D764C}.Debug|Any CPU.ActiveCfg = Debug|Any CPU
		{553A5704-66C8-497A-8963-E0B20E1D764C}.Debug|Any CPU.Build.0 = Debug|Any CPU
		{553A5704-66C8-497A-8963-E0B20E1D764C}.Release|Any CPU.ActiveCfg = Release|Any CPU
		{553A5704-66C8-497A-8963-E0B20E1D764C}.Release|Any CPU.Build.0 = Release|Any CPU
	EndGlobalSection
	GlobalSection(SolutionProperties) = preSolution
		HideSolutionNode = FALSE
	EndGlobalSection
	GlobalSection(NestedProjects) = preSolution
		{D8DD3CCA-FE6D-469C-AAB6-DB5F03B47D2B} = {4E02CAAF-DF9D-4FD7-BFFC-651B077F5767}
		{553A5704-66C8-497A-8963-E0B20E1D764C} = {91F58361-3F93-48D3-B653-D1680C6D5A38}
	EndGlobalSection
	GlobalSection(ExtensibilityGlobals) = postSolution
		SolutionGuid = {19EF9AC8-7FDE-4B69-9017-18EA7F957B98}
	EndGlobalSection
EndGlobal
